// !$*UTF8*$!
{
	archiveVersion = 1;
	classes = {
	};
	objectVersion = 48;
	objects = {

/* Begin PBXBuildFile section */
		466A5C668312811FF79AB1B8 /* Pods_UsageScraperTests.framework in Frameworks */ = {isa = PBXBuildFile; fileRef = 79C675F9158A4227369A5DEA /* Pods_UsageScraperTests.framework */; };
		9ED8ECD28B27DE44E0B80DC3 /* Pods_UsageScraper.framework in Frameworks */ = {isa = PBXBuildFile; fileRef = 0F644536E81C045775DC974A /* Pods_UsageScraper.framework */; };
		B05D2ACEE24B0C56DFA28313 /* Pods_UsageScraperUITests.framework in Frameworks */ = {isa = PBXBuildFile; fileRef = 24210F2CE3FE6BD63BFDB30F /* Pods_UsageScraperUITests.framework */; };
		B271483487216F435ADB93AF /* Pods_SmartMobil_Data.framework in Frameworks */ = {isa = PBXBuildFile; fileRef = A2D2115D6BE60125FAC84282 /* Pods_SmartMobil_Data.framework */; };
		C41DD81C1FD7EF4B003882EA /* UsageScraper.swift in Sources */ = {isa = PBXBuildFile; fileRef = C41DD81B1FD7EF4B003882EA /* UsageScraper.swift */; };
		C41DD81D1FD7F594003882EA /* UsageScraper.swift in Sources */ = {isa = PBXBuildFile; fileRef = C41DD81B1FD7EF4B003882EA /* UsageScraper.swift */; };
		C48715FA1FD5F29400280217 /* Images.xcassets in Resources */ = {isa = PBXBuildFile; fileRef = C48715F91FD5F29400280217 /* Images.xcassets */; };
		C48715FE1FD6005000280217 /* SettingsViewController.swift in Sources */ = {isa = PBXBuildFile; fileRef = C48715FD1FD6005000280217 /* SettingsViewController.swift */; };
		C48716001FD60C3A00280217 /* SettingsTableViewController.swift in Sources */ = {isa = PBXBuildFile; fileRef = C48715FF1FD60C3A00280217 /* SettingsTableViewController.swift */; };
		C48716071FD6976D00280217 /* NotificationCenter.framework in Frameworks */ = {isa = PBXBuildFile; fileRef = C48716061FD6976D00280217 /* NotificationCenter.framework */; };
		C487160A1FD6976D00280217 /* TodayViewController.swift in Sources */ = {isa = PBXBuildFile; fileRef = C48716091FD6976D00280217 /* TodayViewController.swift */; };
		C487160D1FD6976D00280217 /* MainInterface.storyboard in Resources */ = {isa = PBXBuildFile; fileRef = C487160B1FD6976D00280217 /* MainInterface.storyboard */; };
		C48716111FD6976D00280217 /* SmartMobil Data.appex in Embed App Extensions */ = {isa = PBXBuildFile; fileRef = C48716051FD6976D00280217 /* SmartMobil Data.appex */; settings = {ATTRIBUTES = (RemoveHeadersOnCopy, ); }; };
		C49063841FD5504800E472CD /* AppDelegate.swift in Sources */ = {isa = PBXBuildFile; fileRef = C49063831FD5504800E472CD /* AppDelegate.swift */; };
		C49063861FD5504800E472CD /* UsageViewController.swift in Sources */ = {isa = PBXBuildFile; fileRef = C49063851FD5504800E472CD /* UsageViewController.swift */; };
		C49063891FD5504800E472CD /* Main.storyboard in Resources */ = {isa = PBXBuildFile; fileRef = C49063871FD5504800E472CD /* Main.storyboard */; };
		C490638E1FD5504800E472CD /* LaunchScreen.storyboard in Resources */ = {isa = PBXBuildFile; fileRef = C490638C1FD5504800E472CD /* LaunchScreen.storyboard */; };
		C49063991FD5504800E472CD /* UsageScraperTests.swift in Sources */ = {isa = PBXBuildFile; fileRef = C49063981FD5504800E472CD /* UsageScraperTests.swift */; };
		C49063A41FD5504800E472CD /* UsageScraperUITests.swift in Sources */ = {isa = PBXBuildFile; fileRef = C49063A31FD5504800E472CD /* UsageScraperUITests.swift */; };
/* End PBXBuildFile section */

/* Begin PBXContainerItemProxy section */
		C487160F1FD6976D00280217 /* PBXContainerItemProxy */ = {
			isa = PBXContainerItemProxy;
			containerPortal = C49063781FD5504800E472CD /* Project object */;
			proxyType = 1;
			remoteGlobalIDString = C48716041FD6976D00280217;
			remoteInfo = "SmartMobil Data";
		};
		C49063951FD5504800E472CD /* PBXContainerItemProxy */ = {
			isa = PBXContainerItemProxy;
			containerPortal = C49063781FD5504800E472CD /* Project object */;
			proxyType = 1;
			remoteGlobalIDString = C490637F1FD5504800E472CD;
			remoteInfo = UsageScraper;
		};
		C49063A01FD5504800E472CD /* PBXContainerItemProxy */ = {
			isa = PBXContainerItemProxy;
			containerPortal = C49063781FD5504800E472CD /* Project object */;
			proxyType = 1;
			remoteGlobalIDString = C490637F1FD5504800E472CD;
			remoteInfo = UsageScraper;
		};
/* End PBXContainerItemProxy section */

/* Begin PBXCopyFilesBuildPhase section */
		C48716151FD6976D00280217 /* Embed App Extensions */ = {
			isa = PBXCopyFilesBuildPhase;
			buildActionMask = 2147483647;
			dstPath = "";
			dstSubfolderSpec = 13;
			files = (
				C48716111FD6976D00280217 /* SmartMobil Data.appex in Embed App Extensions */,
			);
			name = "Embed App Extensions";
			runOnlyForDeploymentPostprocessing = 0;
		};
		C49063D11FD5504800E472CD /* Embed Watch Content */ = {
			isa = PBXCopyFilesBuildPhase;
			buildActionMask = 2147483647;
			dstPath = "$(CONTENTS_FOLDER_PATH)/Watch";
			dstSubfolderSpec = 16;
			files = (
			);
			name = "Embed Watch Content";
			runOnlyForDeploymentPostprocessing = 0;
		};
/* End PBXCopyFilesBuildPhase section */

/* Begin PBXFileReference section */
		0F644536E81C045775DC974A /* Pods_UsageScraper.framework */ = {isa = PBXFileReference; explicitFileType = wrapper.framework; includeInIndex = 0; path = Pods_UsageScraper.framework; sourceTree = BUILT_PRODUCTS_DIR; };
		1DE097AD5443B4B27344675C /* Pods-UsageScraperUITests.debug.xcconfig */ = {isa = PBXFileReference; includeInIndex = 1; lastKnownFileType = text.xcconfig; name = "Pods-UsageScraperUITests.debug.xcconfig"; path = "Pods/Target Support Files/Pods-UsageScraperUITests/Pods-UsageScraperUITests.debug.xcconfig"; sourceTree = "<group>"; };
		24210F2CE3FE6BD63BFDB30F /* Pods_UsageScraperUITests.framework */ = {isa = PBXFileReference; explicitFileType = wrapper.framework; includeInIndex = 0; path = Pods_UsageScraperUITests.framework; sourceTree = BUILT_PRODUCTS_DIR; };
		3098AADAB63DD79FD18B049B /* Pods-SmartMobil Data.debug.xcconfig */ = {isa = PBXFileReference; includeInIndex = 1; lastKnownFileType = text.xcconfig; name = "Pods-SmartMobil Data.debug.xcconfig"; path = "Pods/Target Support Files/Pods-SmartMobil Data/Pods-SmartMobil Data.debug.xcconfig"; sourceTree = "<group>"; };
		52623D886202AF99807D8015 /* Pods_UsageScraper_WatchKit_Extension.framework */ = {isa = PBXFileReference; explicitFileType = wrapper.framework; includeInIndex = 0; path = Pods_UsageScraper_WatchKit_Extension.framework; sourceTree = BUILT_PRODUCTS_DIR; };
		530FE5AC7031C9F294B8ABB5 /* Pods-UsageScraper.debug.xcconfig */ = {isa = PBXFileReference; includeInIndex = 1; lastKnownFileType = text.xcconfig; name = "Pods-UsageScraper.debug.xcconfig"; path = "Pods/Target Support Files/Pods-UsageScraper/Pods-UsageScraper.debug.xcconfig"; sourceTree = "<group>"; };
		5A95361DCC70220A74A6B29E /* Pods-SmartMobil Data.release.xcconfig */ = {isa = PBXFileReference; includeInIndex = 1; lastKnownFileType = text.xcconfig; name = "Pods-SmartMobil Data.release.xcconfig"; path = "Pods/Target Support Files/Pods-SmartMobil Data/Pods-SmartMobil Data.release.xcconfig"; sourceTree = "<group>"; };
		5F85E7A0AD386D171C373FCB /* Pods-UsageScraperTests.release.xcconfig */ = {isa = PBXFileReference; includeInIndex = 1; lastKnownFileType = text.xcconfig; name = "Pods-UsageScraperTests.release.xcconfig"; path = "Pods/Target Support Files/Pods-UsageScraperTests/Pods-UsageScraperTests.release.xcconfig"; sourceTree = "<group>"; };
		79C675F9158A4227369A5DEA /* Pods_UsageScraperTests.framework */ = {isa = PBXFileReference; explicitFileType = wrapper.framework; includeInIndex = 0; path = Pods_UsageScraperTests.framework; sourceTree = BUILT_PRODUCTS_DIR; };
		9658E4B08B973FF5A6A07556 /* Pods_UsageScraper_WatchKit_App.framework */ = {isa = PBXFileReference; explicitFileType = wrapper.framework; includeInIndex = 0; path = Pods_UsageScraper_WatchKit_App.framework; sourceTree = BUILT_PRODUCTS_DIR; };
		A22F9F461B3ACC4E0146CA20 /* Pods-UsageScraper.release.xcconfig */ = {isa = PBXFileReference; includeInIndex = 1; lastKnownFileType = text.xcconfig; name = "Pods-UsageScraper.release.xcconfig"; path = "Pods/Target Support Files/Pods-UsageScraper/Pods-UsageScraper.release.xcconfig"; sourceTree = "<group>"; };
		A2D2115D6BE60125FAC84282 /* Pods_SmartMobil_Data.framework */ = {isa = PBXFileReference; explicitFileType = wrapper.framework; includeInIndex = 0; path = Pods_SmartMobil_Data.framework; sourceTree = BUILT_PRODUCTS_DIR; };
		C41DD8191FD7EAF1003882EA /* UsageScraper.entitlements */ = {isa = PBXFileReference; lastKnownFileType = text.plist.entitlements; path = UsageScraper.entitlements; sourceTree = "<group>"; };
		C41DD81A1FD7EB24003882EA /* SmartMobil Data.entitlements */ = {isa = PBXFileReference; lastKnownFileType = text.plist.entitlements; path = "SmartMobil Data.entitlements"; sourceTree = "<group>"; };
		C41DD81B1FD7EF4B003882EA /* UsageScraper.swift */ = {isa = PBXFileReference; lastKnownFileType = sourcecode.swift; path = UsageScraper.swift; sourceTree = "<group>"; };
		C48715F91FD5F29400280217 /* Images.xcassets */ = {isa = PBXFileReference; lastKnownFileType = folder.assetcatalog; path = Images.xcassets; sourceTree = "<group>"; };
		C48715FD1FD6005000280217 /* SettingsViewController.swift */ = {isa = PBXFileReference; lastKnownFileType = sourcecode.swift; path = SettingsViewController.swift; sourceTree = "<group>"; };
		C48715FF1FD60C3A00280217 /* SettingsTableViewController.swift */ = {isa = PBXFileReference; lastKnownFileType = sourcecode.swift; path = SettingsTableViewController.swift; sourceTree = "<group>"; };
		C48716051FD6976D00280217 /* SmartMobil Data.appex */ = {isa = PBXFileReference; explicitFileType = "wrapper.app-extension"; includeInIndex = 0; path = "SmartMobil Data.appex"; sourceTree = BUILT_PRODUCTS_DIR; };
		C48716061FD6976D00280217 /* NotificationCenter.framework */ = {isa = PBXFileReference; lastKnownFileType = wrapper.framework; name = NotificationCenter.framework; path = System/Library/Frameworks/NotificationCenter.framework; sourceTree = SDKROOT; };
		C48716091FD6976D00280217 /* TodayViewController.swift */ = {isa = PBXFileReference; lastKnownFileType = sourcecode.swift; path = TodayViewController.swift; sourceTree = "<group>"; };
		C487160C1FD6976D00280217 /* Base */ = {isa = PBXFileReference; lastKnownFileType = file.storyboard; name = Base; path = Base.lproj/MainInterface.storyboard; sourceTree = "<group>"; };
		C487160E1FD6976D00280217 /* Info.plist */ = {isa = PBXFileReference; lastKnownFileType = text.plist.xml; path = Info.plist; sourceTree = "<group>"; };
		C49063801FD5504800E472CD /* UsageScraper.app */ = {isa = PBXFileReference; explicitFileType = wrapper.application; includeInIndex = 0; path = UsageScraper.app; sourceTree = BUILT_PRODUCTS_DIR; };
		C49063831FD5504800E472CD /* AppDelegate.swift */ = {isa = PBXFileReference; lastKnownFileType = sourcecode.swift; path = AppDelegate.swift; sourceTree = "<group>"; };
		C49063851FD5504800E472CD /* UsageViewController.swift */ = {isa = PBXFileReference; lastKnownFileType = sourcecode.swift; path = UsageViewController.swift; sourceTree = "<group>"; };
		C49063881FD5504800E472CD /* Base */ = {isa = PBXFileReference; lastKnownFileType = file.storyboard; name = Base; path = Base.lproj/Main.storyboard; sourceTree = "<group>"; };
		C490638D1FD5504800E472CD /* Base */ = {isa = PBXFileReference; lastKnownFileType = file.storyboard; name = Base; path = Base.lproj/LaunchScreen.storyboard; sourceTree = "<group>"; };
		C490638F1FD5504800E472CD /* Info.plist */ = {isa = PBXFileReference; lastKnownFileType = text.plist.xml; path = Info.plist; sourceTree = "<group>"; };
		C49063941FD5504800E472CD /* UsageScraperTests.xctest */ = {isa = PBXFileReference; explicitFileType = wrapper.cfbundle; includeInIndex = 0; path = UsageScraperTests.xctest; sourceTree = BUILT_PRODUCTS_DIR; };
		C49063981FD5504800E472CD /* UsageScraperTests.swift */ = {isa = PBXFileReference; lastKnownFileType = sourcecode.swift; path = UsageScraperTests.swift; sourceTree = "<group>"; };
		C490639A1FD5504800E472CD /* Info.plist */ = {isa = PBXFileReference; lastKnownFileType = text.plist.xml; path = Info.plist; sourceTree = "<group>"; };
		C490639F1FD5504800E472CD /* UsageScraperUITests.xctest */ = {isa = PBXFileReference; explicitFileType = wrapper.cfbundle; includeInIndex = 0; path = UsageScraperUITests.xctest; sourceTree = BUILT_PRODUCTS_DIR; };
		C49063A31FD5504800E472CD /* UsageScraperUITests.swift */ = {isa = PBXFileReference; lastKnownFileType = sourcecode.swift; path = UsageScraperUITests.swift; sourceTree = "<group>"; };
		C49063A51FD5504800E472CD /* Info.plist */ = {isa = PBXFileReference; lastKnownFileType = text.plist.xml; path = Info.plist; sourceTree = "<group>"; };
		E949AA056169F1D58A752EE3 /* Pods-UsageScraperUITests.release.xcconfig */ = {isa = PBXFileReference; includeInIndex = 1; lastKnownFileType = text.xcconfig; name = "Pods-UsageScraperUITests.release.xcconfig"; path = "Pods/Target Support Files/Pods-UsageScraperUITests/Pods-UsageScraperUITests.release.xcconfig"; sourceTree = "<group>"; };
		F9CFC2D363430311177D221F /* Pods-UsageScraperTests.debug.xcconfig */ = {isa = PBXFileReference; includeInIndex = 1; lastKnownFileType = text.xcconfig; name = "Pods-UsageScraperTests.debug.xcconfig"; path = "Pods/Target Support Files/Pods-UsageScraperTests/Pods-UsageScraperTests.debug.xcconfig"; sourceTree = "<group>"; };
/* End PBXFileReference section */

/* Begin PBXFrameworksBuildPhase section */
		C48716021FD6976D00280217 /* Frameworks */ = {
			isa = PBXFrameworksBuildPhase;
			buildActionMask = 2147483647;
			files = (
				C48716071FD6976D00280217 /* NotificationCenter.framework in Frameworks */,
				B271483487216F435ADB93AF /* Pods_SmartMobil_Data.framework in Frameworks */,
			);
			runOnlyForDeploymentPostprocessing = 0;
		};
		C490637D1FD5504800E472CD /* Frameworks */ = {
			isa = PBXFrameworksBuildPhase;
			buildActionMask = 2147483647;
			files = (
				9ED8ECD28B27DE44E0B80DC3 /* Pods_UsageScraper.framework in Frameworks */,
			);
			runOnlyForDeploymentPostprocessing = 0;
		};
		C49063911FD5504800E472CD /* Frameworks */ = {
			isa = PBXFrameworksBuildPhase;
			buildActionMask = 2147483647;
			files = (
				466A5C668312811FF79AB1B8 /* Pods_UsageScraperTests.framework in Frameworks */,
			);
			runOnlyForDeploymentPostprocessing = 0;
		};
		C490639C1FD5504800E472CD /* Frameworks */ = {
			isa = PBXFrameworksBuildPhase;
			buildActionMask = 2147483647;
			files = (
				B05D2ACEE24B0C56DFA28313 /* Pods_UsageScraperUITests.framework in Frameworks */,
			);
			runOnlyForDeploymentPostprocessing = 0;
		};
/* End PBXFrameworksBuildPhase section */

/* Begin PBXGroup section */
		1E89DAFF3417701AA662BD0B /* Frameworks */ = {
			isa = PBXGroup;
			children = (
				0F644536E81C045775DC974A /* Pods_UsageScraper.framework */,
				9658E4B08B973FF5A6A07556 /* Pods_UsageScraper_WatchKit_App.framework */,
				52623D886202AF99807D8015 /* Pods_UsageScraper_WatchKit_Extension.framework */,
				79C675F9158A4227369A5DEA /* Pods_UsageScraperTests.framework */,
				24210F2CE3FE6BD63BFDB30F /* Pods_UsageScraperUITests.framework */,
				C48716061FD6976D00280217 /* NotificationCenter.framework */,
				A2D2115D6BE60125FAC84282 /* Pods_SmartMobil_Data.framework */,
			);
			name = Frameworks;
			sourceTree = "<group>";
		};
		3E2CC839BADB67459CA8DFCD /* Pods */ = {
			isa = PBXGroup;
			children = (
				530FE5AC7031C9F294B8ABB5 /* Pods-UsageScraper.debug.xcconfig */,
				A22F9F461B3ACC4E0146CA20 /* Pods-UsageScraper.release.xcconfig */,
				F9CFC2D363430311177D221F /* Pods-UsageScraperTests.debug.xcconfig */,
				5F85E7A0AD386D171C373FCB /* Pods-UsageScraperTests.release.xcconfig */,
				1DE097AD5443B4B27344675C /* Pods-UsageScraperUITests.debug.xcconfig */,
				E949AA056169F1D58A752EE3 /* Pods-UsageScraperUITests.release.xcconfig */,
				3098AADAB63DD79FD18B049B /* Pods-SmartMobil Data.debug.xcconfig */,
				5A95361DCC70220A74A6B29E /* Pods-SmartMobil Data.release.xcconfig */,
			);
			name = Pods;
			sourceTree = "<group>";
		};
		C48716081FD6976D00280217 /* SmartMobil Data */ = {
			isa = PBXGroup;
			children = (
				C41DD81A1FD7EB24003882EA /* SmartMobil Data.entitlements */,
				C48716091FD6976D00280217 /* TodayViewController.swift */,
				C487160B1FD6976D00280217 /* MainInterface.storyboard */,
				C487160E1FD6976D00280217 /* Info.plist */,
			);
			path = "SmartMobil Data";
			sourceTree = "<group>";
		};
		C49063771FD5504800E472CD = {
			isa = PBXGroup;
			children = (
				C49063821FD5504800E472CD /* UsageScraper */,
				C49063971FD5504800E472CD /* UsageScraperTests */,
				C49063A21FD5504800E472CD /* UsageScraperUITests */,
				C48716081FD6976D00280217 /* SmartMobil Data */,
				C49063811FD5504800E472CD /* Products */,
				3E2CC839BADB67459CA8DFCD /* Pods */,
				1E89DAFF3417701AA662BD0B /* Frameworks */,
			);
			sourceTree = "<group>";
		};
		C49063811FD5504800E472CD /* Products */ = {
			isa = PBXGroup;
			children = (
				C49063801FD5504800E472CD /* UsageScraper.app */,
				C49063941FD5504800E472CD /* UsageScraperTests.xctest */,
				C490639F1FD5504800E472CD /* UsageScraperUITests.xctest */,
				C48716051FD6976D00280217 /* SmartMobil Data.appex */,
			);
			name = Products;
			sourceTree = "<group>";
		};
		C49063821FD5504800E472CD /* UsageScraper */ = {
			isa = PBXGroup;
			children = (
				C41DD8191FD7EAF1003882EA /* UsageScraper.entitlements */,
				C49063831FD5504800E472CD /* AppDelegate.swift */,
				C48715FD1FD6005000280217 /* SettingsViewController.swift */,
				C48715FF1FD60C3A00280217 /* SettingsTableViewController.swift */,
				C49063851FD5504800E472CD /* UsageViewController.swift */,
				C41DD81B1FD7EF4B003882EA /* UsageScraper.swift */,
				C49063871FD5504800E472CD /* Main.storyboard */,
				C490638C1FD5504800E472CD /* LaunchScreen.storyboard */,
				C490638F1FD5504800E472CD /* Info.plist */,
				C48715F91FD5F29400280217 /* Images.xcassets */,
			);
			path = UsageScraper;
			sourceTree = "<group>";
		};
		C49063971FD5504800E472CD /* UsageScraperTests */ = {
			isa = PBXGroup;
			children = (
				C49063981FD5504800E472CD /* UsageScraperTests.swift */,
				C490639A1FD5504800E472CD /* Info.plist */,
			);
			path = UsageScraperTests;
			sourceTree = "<group>";
		};
		C49063A21FD5504800E472CD /* UsageScraperUITests */ = {
			isa = PBXGroup;
			children = (
				C49063A31FD5504800E472CD /* UsageScraperUITests.swift */,
				C49063A51FD5504800E472CD /* Info.plist */,
			);
			path = UsageScraperUITests;
			sourceTree = "<group>";
		};
/* End PBXGroup section */

/* Begin PBXNativeTarget section */
		C48716041FD6976D00280217 /* SmartMobil Data */ = {
			isa = PBXNativeTarget;
			buildConfigurationList = C48716121FD6976D00280217 /* Build configuration list for PBXNativeTarget "SmartMobil Data" */;
			buildPhases = (
				B54CD20BB9044D9660471794 /* [CP] Check Pods Manifest.lock */,
				C48716011FD6976D00280217 /* Sources */,
				C48716021FD6976D00280217 /* Frameworks */,
				C48716031FD6976D00280217 /* Resources */,
				471DE12153ABDD76FC5C311A /* [CP] Copy Pods Resources */,
			);
			buildRules = (
			);
			dependencies = (
			);
			name = "SmartMobil Data";
			productName = "SmartMobil Data";
			productReference = C48716051FD6976D00280217 /* SmartMobil Data.appex */;
			productType = "com.apple.product-type.app-extension";
		};
		C490637F1FD5504800E472CD /* UsageScraper */ = {
			isa = PBXNativeTarget;
			buildConfigurationList = C49063D21FD5504800E472CD /* Build configuration list for PBXNativeTarget "UsageScraper" */;
			buildPhases = (
				8006DCF5F1E8EFB10A30D6F9 /* [CP] Check Pods Manifest.lock */,
				C490637C1FD5504800E472CD /* Sources */,
				C490637D1FD5504800E472CD /* Frameworks */,
				C490637E1FD5504800E472CD /* Resources */,
				C49063D11FD5504800E472CD /* Embed Watch Content */,
				A932211E1EE38E1B4B9CDFBF /* [CP] Embed Pods Frameworks */,
				56EC039EBD0B8156B8FFC94C /* [CP] Copy Pods Resources */,
				C48716151FD6976D00280217 /* Embed App Extensions */,
			);
			buildRules = (
			);
			dependencies = (
				C48716101FD6976D00280217 /* PBXTargetDependency */,
			);
			name = UsageScraper;
			productName = UsageScraper;
			productReference = C49063801FD5504800E472CD /* UsageScraper.app */;
			productType = "com.apple.product-type.application";
		};
		C49063931FD5504800E472CD /* UsageScraperTests */ = {
			isa = PBXNativeTarget;
			buildConfigurationList = C49063D51FD5504800E472CD /* Build configuration list for PBXNativeTarget "UsageScraperTests" */;
			buildPhases = (
				0BCE6F24B6E46D995BD707AE /* [CP] Check Pods Manifest.lock */,
				C49063901FD5504800E472CD /* Sources */,
				C49063911FD5504800E472CD /* Frameworks */,
				C49063921FD5504800E472CD /* Resources */,
				A8C312DE047F5A76707AECCF /* [CP] Embed Pods Frameworks */,
				8A0133148C8ACC0D63541E35 /* [CP] Copy Pods Resources */,
			);
			buildRules = (
			);
			dependencies = (
				C49063961FD5504800E472CD /* PBXTargetDependency */,
			);
			name = UsageScraperTests;
			productName = UsageScraperTests;
			productReference = C49063941FD5504800E472CD /* UsageScraperTests.xctest */;
			productType = "com.apple.product-type.bundle.unit-test";
		};
		C490639E1FD5504800E472CD /* UsageScraperUITests */ = {
			isa = PBXNativeTarget;
			buildConfigurationList = C49063D81FD5504800E472CD /* Build configuration list for PBXNativeTarget "UsageScraperUITests" */;
			buildPhases = (
				6951E7754CC923766BF07DB6 /* [CP] Check Pods Manifest.lock */,
				C490639B1FD5504800E472CD /* Sources */,
				C490639C1FD5504800E472CD /* Frameworks */,
				C490639D1FD5504800E472CD /* Resources */,
				E920B000FF0463C046DF1AA3 /* [CP] Embed Pods Frameworks */,
				22725DF79AEB763229CE5E66 /* [CP] Copy Pods Resources */,
			);
			buildRules = (
			);
			dependencies = (
				C49063A11FD5504800E472CD /* PBXTargetDependency */,
			);
			name = UsageScraperUITests;
			productName = UsageScraperUITests;
			productReference = C490639F1FD5504800E472CD /* UsageScraperUITests.xctest */;
			productType = "com.apple.product-type.bundle.ui-testing";
		};
/* End PBXNativeTarget section */

/* Begin PBXProject section */
		C49063781FD5504800E472CD /* Project object */ = {
			isa = PBXProject;
			attributes = {
				LastSwiftUpdateCheck = 0920;
				LastUpgradeCheck = 0910;
				ORGANIZATIONNAME = "Raul Gigea";
				TargetAttributes = {
					C48716041FD6976D00280217 = {
						CreatedOnToolsVersion = 9.2;
						ProvisioningStyle = Manual;
						SystemCapabilities = {
							com.apple.ApplicationGroups.iOS = {
								enabled = 1;
							};
						};
					};
					C490637F1FD5504800E472CD = {
						CreatedOnToolsVersion = 9.1;
						ProvisioningStyle = Manual;
						SystemCapabilities = {
							com.apple.ApplicationGroups.iOS = {
								enabled = 1;
							};
						};
					};
					C49063931FD5504800E472CD = {
						CreatedOnToolsVersion = 9.1;
						ProvisioningStyle = Automatic;
						TestTargetID = C490637F1FD5504800E472CD;
					};
					C490639E1FD5504800E472CD = {
						CreatedOnToolsVersion = 9.1;
						ProvisioningStyle = Automatic;
						TestTargetID = C490637F1FD5504800E472CD;
					};
				};
			};
			buildConfigurationList = C490637B1FD5504800E472CD /* Build configuration list for PBXProject "UsageScraper" */;
			compatibilityVersion = "Xcode 8.0";
			developmentRegion = en;
			hasScannedForEncodings = 0;
			knownRegions = (
				en,
				Base,
			);
			mainGroup = C49063771FD5504800E472CD;
			productRefGroup = C49063811FD5504800E472CD /* Products */;
			projectDirPath = "";
			projectRoot = "";
			targets = (
				C490637F1FD5504800E472CD /* UsageScraper */,
				C49063931FD5504800E472CD /* UsageScraperTests */,
				C490639E1FD5504800E472CD /* UsageScraperUITests */,
				C48716041FD6976D00280217 /* SmartMobil Data */,
			);
		};
/* End PBXProject section */

/* Begin PBXResourcesBuildPhase section */
		C48716031FD6976D00280217 /* Resources */ = {
			isa = PBXResourcesBuildPhase;
			buildActionMask = 2147483647;
			files = (
				C487160D1FD6976D00280217 /* MainInterface.storyboard in Resources */,
			);
			runOnlyForDeploymentPostprocessing = 0;
		};
		C490637E1FD5504800E472CD /* Resources */ = {
			isa = PBXResourcesBuildPhase;
			buildActionMask = 2147483647;
			files = (
				C48715FA1FD5F29400280217 /* Images.xcassets in Resources */,
				C490638E1FD5504800E472CD /* LaunchScreen.storyboard in Resources */,
				C49063891FD5504800E472CD /* Main.storyboard in Resources */,
			);
			runOnlyForDeploymentPostprocessing = 0;
		};
		C49063921FD5504800E472CD /* Resources */ = {
			isa = PBXResourcesBuildPhase;
			buildActionMask = 2147483647;
			files = (
			);
			runOnlyForDeploymentPostprocessing = 0;
		};
		C490639D1FD5504800E472CD /* Resources */ = {
			isa = PBXResourcesBuildPhase;
			buildActionMask = 2147483647;
			files = (
			);
			runOnlyForDeploymentPostprocessing = 0;
		};
/* End PBXResourcesBuildPhase section */

/* Begin PBXShellScriptBuildPhase section */
		0BCE6F24B6E46D995BD707AE /* [CP] Check Pods Manifest.lock */ = {
			isa = PBXShellScriptBuildPhase;
			buildActionMask = 2147483647;
			files = (
			);
			inputPaths = (
			);
			name = "[CP] Check Pods Manifest.lock";
			outputPaths = (
			);
			runOnlyForDeploymentPostprocessing = 0;
			shellPath = /bin/sh;
			shellScript = "diff \"${PODS_ROOT}/../Podfile.lock\" \"${PODS_ROOT}/Manifest.lock\" > /dev/null\nif [ $? != 0 ] ; then\n    # print error to STDERR\n    echo \"error: The sandbox is not in sync with the Podfile.lock. Run 'pod install' or update your CocoaPods installation.\" >&2\n    exit 1\nfi\n";
			showEnvVarsInLog = 0;
		};
		22725DF79AEB763229CE5E66 /* [CP] Copy Pods Resources */ = {
			isa = PBXShellScriptBuildPhase;
			buildActionMask = 2147483647;
			files = (
			);
			inputPaths = (
			);
			name = "[CP] Copy Pods Resources";
			outputPaths = (
			);
			runOnlyForDeploymentPostprocessing = 0;
			shellPath = /bin/sh;
			shellScript = "\"${SRCROOT}/Pods/Target Support Files/Pods-UsageScraperUITests/Pods-UsageScraperUITests-resources.sh\"\n";
			showEnvVarsInLog = 0;
		};
		471DE12153ABDD76FC5C311A /* [CP] Copy Pods Resources */ = {
			isa = PBXShellScriptBuildPhase;
			buildActionMask = 2147483647;
			files = (
			);
			inputPaths = (
			);
			name = "[CP] Copy Pods Resources";
			outputPaths = (
			);
			runOnlyForDeploymentPostprocessing = 0;
			shellPath = /bin/sh;
			shellScript = "\"${SRCROOT}/Pods/Target Support Files/Pods-SmartMobil Data/Pods-SmartMobil Data-resources.sh\"\n";
			showEnvVarsInLog = 0;
		};
		56EC039EBD0B8156B8FFC94C /* [CP] Copy Pods Resources */ = {
			isa = PBXShellScriptBuildPhase;
			buildActionMask = 2147483647;
			files = (
			);
			inputPaths = (
			);
			name = "[CP] Copy Pods Resources";
			outputPaths = (
			);
			runOnlyForDeploymentPostprocessing = 0;
			shellPath = /bin/sh;
			shellScript = "\"${SRCROOT}/Pods/Target Support Files/Pods-UsageScraper/Pods-UsageScraper-resources.sh\"\n";
			showEnvVarsInLog = 0;
		};
		6951E7754CC923766BF07DB6 /* [CP] Check Pods Manifest.lock */ = {
			isa = PBXShellScriptBuildPhase;
			buildActionMask = 2147483647;
			files = (
			);
			inputPaths = (
			);
			name = "[CP] Check Pods Manifest.lock";
			outputPaths = (
			);
			runOnlyForDeploymentPostprocessing = 0;
			shellPath = /bin/sh;
			shellScript = "diff \"${PODS_ROOT}/../Podfile.lock\" \"${PODS_ROOT}/Manifest.lock\" > /dev/null\nif [ $? != 0 ] ; then\n    # print error to STDERR\n    echo \"error: The sandbox is not in sync with the Podfile.lock. Run 'pod install' or update your CocoaPods installation.\" >&2\n    exit 1\nfi\n";
			showEnvVarsInLog = 0;
		};
		8006DCF5F1E8EFB10A30D6F9 /* [CP] Check Pods Manifest.lock */ = {
			isa = PBXShellScriptBuildPhase;
			buildActionMask = 2147483647;
			files = (
			);
			inputPaths = (
			);
			name = "[CP] Check Pods Manifest.lock";
			outputPaths = (
			);
			runOnlyForDeploymentPostprocessing = 0;
			shellPath = /bin/sh;
			shellScript = "diff \"${PODS_ROOT}/../Podfile.lock\" \"${PODS_ROOT}/Manifest.lock\" > /dev/null\nif [ $? != 0 ] ; then\n    # print error to STDERR\n    echo \"error: The sandbox is not in sync with the Podfile.lock. Run 'pod install' or update your CocoaPods installation.\" >&2\n    exit 1\nfi\n";
			showEnvVarsInLog = 0;
		};
		8A0133148C8ACC0D63541E35 /* [CP] Copy Pods Resources */ = {
			isa = PBXShellScriptBuildPhase;
			buildActionMask = 2147483647;
			files = (
			);
			inputPaths = (
			);
			name = "[CP] Copy Pods Resources";
			outputPaths = (
			);
			runOnlyForDeploymentPostprocessing = 0;
			shellPath = /bin/sh;
			shellScript = "\"${SRCROOT}/Pods/Target Support Files/Pods-UsageScraperTests/Pods-UsageScraperTests-resources.sh\"\n";
			showEnvVarsInLog = 0;
		};
		A8C312DE047F5A76707AECCF /* [CP] Embed Pods Frameworks */ = {
			isa = PBXShellScriptBuildPhase;
			buildActionMask = 2147483647;
			files = (
			);
			inputPaths = (
			);
			name = "[CP] Embed Pods Frameworks";
			outputPaths = (
			);
			runOnlyForDeploymentPostprocessing = 0;
			shellPath = /bin/sh;
			shellScript = "\"${SRCROOT}/Pods/Target Support Files/Pods-UsageScraperTests/Pods-UsageScraperTests-frameworks.sh\"\n";
			showEnvVarsInLog = 0;
		};
		A932211E1EE38E1B4B9CDFBF /* [CP] Embed Pods Frameworks */ = {
			isa = PBXShellScriptBuildPhase;
			buildActionMask = 2147483647;
			files = (
			);
			inputPaths = (
			);
			name = "[CP] Embed Pods Frameworks";
			outputPaths = (
			);
			runOnlyForDeploymentPostprocessing = 0;
			shellPath = /bin/sh;
			shellScript = "\"${SRCROOT}/Pods/Target Support Files/Pods-UsageScraper/Pods-UsageScraper-frameworks.sh\"\n";
			showEnvVarsInLog = 0;
		};
		B54CD20BB9044D9660471794 /* [CP] Check Pods Manifest.lock */ = {
			isa = PBXShellScriptBuildPhase;
			buildActionMask = 2147483647;
			files = (
			);
			inputPaths = (
			);
			name = "[CP] Check Pods Manifest.lock";
			outputPaths = (
			);
			runOnlyForDeploymentPostprocessing = 0;
			shellPath = /bin/sh;
			shellScript = "diff \"${PODS_ROOT}/../Podfile.lock\" \"${PODS_ROOT}/Manifest.lock\" > /dev/null\nif [ $? != 0 ] ; then\n    # print error to STDERR\n    echo \"error: The sandbox is not in sync with the Podfile.lock. Run 'pod install' or update your CocoaPods installation.\" >&2\n    exit 1\nfi\n";
			showEnvVarsInLog = 0;
		};
		E920B000FF0463C046DF1AA3 /* [CP] Embed Pods Frameworks */ = {
			isa = PBXShellScriptBuildPhase;
			buildActionMask = 2147483647;
			files = (
			);
			inputPaths = (
			);
			name = "[CP] Embed Pods Frameworks";
			outputPaths = (
			);
			runOnlyForDeploymentPostprocessing = 0;
			shellPath = /bin/sh;
			shellScript = "\"${SRCROOT}/Pods/Target Support Files/Pods-UsageScraperUITests/Pods-UsageScraperUITests-frameworks.sh\"\n";
			showEnvVarsInLog = 0;
		};
/* End PBXShellScriptBuildPhase section */

/* Begin PBXSourcesBuildPhase section */
		C48716011FD6976D00280217 /* Sources */ = {
			isa = PBXSourcesBuildPhase;
			buildActionMask = 2147483647;
			files = (
				C41DD81D1FD7F594003882EA /* UsageScraper.swift in Sources */,
				C487160A1FD6976D00280217 /* TodayViewController.swift in Sources */,
			);
			runOnlyForDeploymentPostprocessing = 0;
		};
		C490637C1FD5504800E472CD /* Sources */ = {
			isa = PBXSourcesBuildPhase;
			buildActionMask = 2147483647;
			files = (
				C41DD81C1FD7EF4B003882EA /* UsageScraper.swift in Sources */,
				C48716001FD60C3A00280217 /* SettingsTableViewController.swift in Sources */,
				C49063861FD5504800E472CD /* UsageViewController.swift in Sources */,
				C49063841FD5504800E472CD /* AppDelegate.swift in Sources */,
				C48715FE1FD6005000280217 /* SettingsViewController.swift in Sources */,
			);
			runOnlyForDeploymentPostprocessing = 0;
		};
		C49063901FD5504800E472CD /* Sources */ = {
			isa = PBXSourcesBuildPhase;
			buildActionMask = 2147483647;
			files = (
				C49063991FD5504800E472CD /* UsageScraperTests.swift in Sources */,
			);
			runOnlyForDeploymentPostprocessing = 0;
		};
		C490639B1FD5504800E472CD /* Sources */ = {
			isa = PBXSourcesBuildPhase;
			buildActionMask = 2147483647;
			files = (
				C49063A41FD5504800E472CD /* UsageScraperUITests.swift in Sources */,
			);
			runOnlyForDeploymentPostprocessing = 0;
		};
/* End PBXSourcesBuildPhase section */

/* Begin PBXTargetDependency section */
		C48716101FD6976D00280217 /* PBXTargetDependency */ = {
			isa = PBXTargetDependency;
			target = C48716041FD6976D00280217 /* SmartMobil Data */;
			targetProxy = C487160F1FD6976D00280217 /* PBXContainerItemProxy */;
		};
		C49063961FD5504800E472CD /* PBXTargetDependency */ = {
			isa = PBXTargetDependency;
			target = C490637F1FD5504800E472CD /* UsageScraper */;
			targetProxy = C49063951FD5504800E472CD /* PBXContainerItemProxy */;
		};
		C49063A11FD5504800E472CD /* PBXTargetDependency */ = {
			isa = PBXTargetDependency;
			target = C490637F1FD5504800E472CD /* UsageScraper */;
			targetProxy = C49063A01FD5504800E472CD /* PBXContainerItemProxy */;
		};
/* End PBXTargetDependency section */

/* Begin PBXVariantGroup section */
		C487160B1FD6976D00280217 /* MainInterface.storyboard */ = {
			isa = PBXVariantGroup;
			children = (
				C487160C1FD6976D00280217 /* Base */,
			);
			name = MainInterface.storyboard;
			sourceTree = "<group>";
		};
		C49063871FD5504800E472CD /* Main.storyboard */ = {
			isa = PBXVariantGroup;
			children = (
				C49063881FD5504800E472CD /* Base */,
			);
			name = Main.storyboard;
			sourceTree = "<group>";
		};
		C490638C1FD5504800E472CD /* LaunchScreen.storyboard */ = {
			isa = PBXVariantGroup;
			children = (
				C490638D1FD5504800E472CD /* Base */,
			);
			name = LaunchScreen.storyboard;
			sourceTree = "<group>";
		};
/* End PBXVariantGroup section */

/* Begin XCBuildConfiguration section */
		C48716131FD6976D00280217 /* Debug */ = {
			isa = XCBuildConfiguration;
			baseConfigurationReference = 3098AADAB63DD79FD18B049B /* Pods-SmartMobil Data.debug.xcconfig */;
			buildSettings = {
				CODE_SIGN_ENTITLEMENTS = "SmartMobil Data/SmartMobil Data.entitlements";
				"CODE_SIGN_IDENTITY[sdk=iphoneos*]" = "iPhone Developer";
				CODE_SIGN_STYLE = Manual;
				DEVELOPMENT_TEAM = 9QZ5ZQ2KAC;
				INFOPLIST_FILE = "SmartMobil Data/Info.plist";
				IPHONEOS_DEPLOYMENT_TARGET = 11.2;
				LD_RUNPATH_SEARCH_PATHS = "$(inherited) @executable_path/Frameworks @executable_path/../../Frameworks";
				PRODUCT_BUNDLE_IDENTIFIER = de.sprintcode.usagescraper.todaywidget;
				PRODUCT_NAME = "$(TARGET_NAME)";
				PROVISIONING_PROFILE = "b846a441-88b2-4a58-8978-607552601b4e";
				PROVISIONING_PROFILE_SPECIFIER = "UsageScraper Today Dev";
				SKIP_INSTALL = YES;
				SWIFT_VERSION = 4.0;
				TARGETED_DEVICE_FAMILY = "1,2";
			};
			name = Debug;
		};
		C48716141FD6976D00280217 /* Release */ = {
			isa = XCBuildConfiguration;
			baseConfigurationReference = 5A95361DCC70220A74A6B29E /* Pods-SmartMobil Data.release.xcconfig */;
			buildSettings = {
				CODE_SIGN_ENTITLEMENTS = "SmartMobil Data/SmartMobil Data.entitlements";
				CODE_SIGN_STYLE = Manual;
				DEVELOPMENT_TEAM = 9QZ5ZQ2KAC;
				INFOPLIST_FILE = "SmartMobil Data/Info.plist";
				IPHONEOS_DEPLOYMENT_TARGET = 11.2;
				LD_RUNPATH_SEARCH_PATHS = "$(inherited) @executable_path/Frameworks @executable_path/../../Frameworks";
				PRODUCT_BUNDLE_IDENTIFIER = de.sprintcode.usagescraper.todaywidget;
				PRODUCT_NAME = "$(TARGET_NAME)";
				PROVISIONING_PROFILE = "056bcc3d-d8e3-4f85-be6e-efeb5070551b";
				PROVISIONING_PROFILE_SPECIFIER = "UsageScraper Today Dev";
				SKIP_INSTALL = YES;
				SWIFT_VERSION = 4.0;
				TARGETED_DEVICE_FAMILY = "1,2";
			};
			name = Release;
		};
		C49063C81FD5504800E472CD /* Debug */ = {
			isa = XCBuildConfiguration;
			buildSettings = {
				ALWAYS_SEARCH_USER_PATHS = NO;
				CLANG_ANALYZER_NONNULL = YES;
				CLANG_ANALYZER_NUMBER_OBJECT_CONVERSION = YES_AGGRESSIVE;
				CLANG_CXX_LANGUAGE_STANDARD = "gnu++14";
				CLANG_CXX_LIBRARY = "libc++";
				CLANG_ENABLE_MODULES = YES;
				CLANG_ENABLE_OBJC_ARC = YES;
				CLANG_WARN_BLOCK_CAPTURE_AUTORELEASING = YES;
				CLANG_WARN_BOOL_CONVERSION = YES;
				CLANG_WARN_COMMA = YES;
				CLANG_WARN_CONSTANT_CONVERSION = YES;
				CLANG_WARN_DIRECT_OBJC_ISA_USAGE = YES_ERROR;
				CLANG_WARN_DOCUMENTATION_COMMENTS = YES;
				CLANG_WARN_EMPTY_BODY = YES;
				CLANG_WARN_ENUM_CONVERSION = YES;
				CLANG_WARN_INFINITE_RECURSION = YES;
				CLANG_WARN_INT_CONVERSION = YES;
				CLANG_WARN_NON_LITERAL_NULL_CONVERSION = YES;
				CLANG_WARN_OBJC_LITERAL_CONVERSION = YES;
				CLANG_WARN_OBJC_ROOT_CLASS = YES_ERROR;
				CLANG_WARN_RANGE_LOOP_ANALYSIS = YES;
				CLANG_WARN_STRICT_PROTOTYPES = YES;
				CLANG_WARN_SUSPICIOUS_MOVE = YES;
				CLANG_WARN_UNGUARDED_AVAILABILITY = YES_AGGRESSIVE;
				CLANG_WARN_UNREACHABLE_CODE = YES;
				CLANG_WARN__DUPLICATE_METHOD_MATCH = YES;
				CODE_SIGN_IDENTITY = "iPhone Developer";
				COPY_PHASE_STRIP = NO;
				DEBUG_INFORMATION_FORMAT = dwarf;
				ENABLE_STRICT_OBJC_MSGSEND = YES;
				ENABLE_TESTABILITY = YES;
				GCC_C_LANGUAGE_STANDARD = gnu11;
				GCC_DYNAMIC_NO_PIC = NO;
				GCC_NO_COMMON_BLOCKS = YES;
				GCC_OPTIMIZATION_LEVEL = 0;
				GCC_PREPROCESSOR_DEFINITIONS = (
					"DEBUG=1",
					"$(inherited)",
				);
				GCC_WARN_64_TO_32_BIT_CONVERSION = YES;
				GCC_WARN_ABOUT_RETURN_TYPE = YES_ERROR;
				GCC_WARN_UNDECLARED_SELECTOR = YES;
				GCC_WARN_UNINITIALIZED_AUTOS = YES_AGGRESSIVE;
				GCC_WARN_UNUSED_FUNCTION = YES;
				GCC_WARN_UNUSED_VARIABLE = YES;
				IPHONEOS_DEPLOYMENT_TARGET = 11.1;
				MTL_ENABLE_DEBUG_INFO = YES;
				ONLY_ACTIVE_ARCH = YES;
				SDKROOT = iphoneos;
				SWIFT_ACTIVE_COMPILATION_CONDITIONS = DEBUG;
				SWIFT_OPTIMIZATION_LEVEL = "-Onone";
			};
			name = Debug;
		};
		C49063C91FD5504800E472CD /* Release */ = {
			isa = XCBuildConfiguration;
			buildSettings = {
				ALWAYS_SEARCH_USER_PATHS = NO;
				CLANG_ANALYZER_NONNULL = YES;
				CLANG_ANALYZER_NUMBER_OBJECT_CONVERSION = YES_AGGRESSIVE;
				CLANG_CXX_LANGUAGE_STANDARD = "gnu++14";
				CLANG_CXX_LIBRARY = "libc++";
				CLANG_ENABLE_MODULES = YES;
				CLANG_ENABLE_OBJC_ARC = YES;
				CLANG_WARN_BLOCK_CAPTURE_AUTORELEASING = YES;
				CLANG_WARN_BOOL_CONVERSION = YES;
				CLANG_WARN_COMMA = YES;
				CLANG_WARN_CONSTANT_CONVERSION = YES;
				CLANG_WARN_DIRECT_OBJC_ISA_USAGE = YES_ERROR;
				CLANG_WARN_DOCUMENTATION_COMMENTS = YES;
				CLANG_WARN_EMPTY_BODY = YES;
				CLANG_WARN_ENUM_CONVERSION = YES;
				CLANG_WARN_INFINITE_RECURSION = YES;
				CLANG_WARN_INT_CONVERSION = YES;
				CLANG_WARN_NON_LITERAL_NULL_CONVERSION = YES;
				CLANG_WARN_OBJC_LITERAL_CONVERSION = YES;
				CLANG_WARN_OBJC_ROOT_CLASS = YES_ERROR;
				CLANG_WARN_RANGE_LOOP_ANALYSIS = YES;
				CLANG_WARN_STRICT_PROTOTYPES = YES;
				CLANG_WARN_SUSPICIOUS_MOVE = YES;
				CLANG_WARN_UNGUARDED_AVAILABILITY = YES_AGGRESSIVE;
				CLANG_WARN_UNREACHABLE_CODE = YES;
				CLANG_WARN__DUPLICATE_METHOD_MATCH = YES;
				CODE_SIGN_IDENTITY = "iPhone Developer";
				COPY_PHASE_STRIP = NO;
				DEBUG_INFORMATION_FORMAT = "dwarf-with-dsym";
				ENABLE_NS_ASSERTIONS = NO;
				ENABLE_STRICT_OBJC_MSGSEND = YES;
				GCC_C_LANGUAGE_STANDARD = gnu11;
				GCC_NO_COMMON_BLOCKS = YES;
				GCC_WARN_64_TO_32_BIT_CONVERSION = YES;
				GCC_WARN_ABOUT_RETURN_TYPE = YES_ERROR;
				GCC_WARN_UNDECLARED_SELECTOR = YES;
				GCC_WARN_UNINITIALIZED_AUTOS = YES_AGGRESSIVE;
				GCC_WARN_UNUSED_FUNCTION = YES;
				GCC_WARN_UNUSED_VARIABLE = YES;
				IPHONEOS_DEPLOYMENT_TARGET = 11.1;
				MTL_ENABLE_DEBUG_INFO = NO;
				SDKROOT = iphoneos;
				SWIFT_OPTIMIZATION_LEVEL = "-Owholemodule";
				VALIDATE_PRODUCT = YES;
			};
			name = Release;
		};
		C49063D31FD5504800E472CD /* Debug */ = {
			isa = XCBuildConfiguration;
			baseConfigurationReference = 530FE5AC7031C9F294B8ABB5 /* Pods-UsageScraper.debug.xcconfig */;
			buildSettings = {
				ASSETCATALOG_COMPILER_APPICON_NAME = AppIcon;
				ASSETCATALOG_COMPILER_LAUNCHIMAGE_NAME = LaunchImage;
				CODE_SIGN_ENTITLEMENTS = UsageScraper/UsageScraper.entitlements;
				CODE_SIGN_STYLE = Manual;
				DEVELOPMENT_TEAM = 9QZ5ZQ2KAC;
				INFOPLIST_FILE = UsageScraper/Info.plist;
				LD_RUNPATH_SEARCH_PATHS = "$(inherited) @executable_path/Frameworks";
				PRODUCT_BUNDLE_IDENTIFIER = de.sprintcode.usagescraper;
				PRODUCT_NAME = "$(TARGET_NAME)";
				PROVISIONING_PROFILE = "6a2d5e9e-55a2-4f9d-8065-c8d385422ac7";
				PROVISIONING_PROFILE_SPECIFIER = "UsageScraper Dev";
				SWIFT_VERSION = 4.0;
				TARGETED_DEVICE_FAMILY = "1,2";
			};
			name = Debug;
		};
		C49063D41FD5504800E472CD /* Release */ = {
			isa = XCBuildConfiguration;
			baseConfigurationReference = A22F9F461B3ACC4E0146CA20 /* Pods-UsageScraper.release.xcconfig */;
			buildSettings = {
				ASSETCATALOG_COMPILER_APPICON_NAME = AppIcon;
				ASSETCATALOG_COMPILER_LAUNCHIMAGE_NAME = LaunchImage;
				CODE_SIGN_ENTITLEMENTS = UsageScraper/UsageScraper.entitlements;
				CODE_SIGN_STYLE = Manual;
				DEVELOPMENT_TEAM = 9QZ5ZQ2KAC;
				INFOPLIST_FILE = UsageScraper/Info.plist;
				LD_RUNPATH_SEARCH_PATHS = "$(inherited) @executable_path/Frameworks";
				PRODUCT_BUNDLE_IDENTIFIER = de.sprintcode.usagescraper;
				PRODUCT_NAME = "$(TARGET_NAME)";
				PROVISIONING_PROFILE = "a9ae554b-db9d-497e-89eb-52272eb60d09";
				PROVISIONING_PROFILE_SPECIFIER = "UsageScraper Dev";
				SWIFT_VERSION = 4.0;
				TARGETED_DEVICE_FAMILY = "1,2";
			};
			name = Release;
		};
		C49063D61FD5504800E472CD /* Debug */ = {
			isa = XCBuildConfiguration;
			baseConfigurationReference = F9CFC2D363430311177D221F /* Pods-UsageScraperTests.debug.xcconfig */;
			buildSettings = {
				ALWAYS_EMBED_SWIFT_STANDARD_LIBRARIES = "$(inherited)";
				BUNDLE_LOADER = "$(TEST_HOST)";
				CODE_SIGN_STYLE = Automatic;
				DEVELOPMENT_TEAM = QW66QRQ745;
				INFOPLIST_FILE = UsageScraperTests/Info.plist;
				LD_RUNPATH_SEARCH_PATHS = "$(inherited) @executable_path/Frameworks @loader_path/Frameworks";
				PRODUCT_BUNDLE_IDENTIFIER = net.sprintcode.UsageScraperTests;
				PRODUCT_NAME = "$(TARGET_NAME)";
				SWIFT_VERSION = 4.0;
				TARGETED_DEVICE_FAMILY = "1,2";
				TEST_HOST = "$(BUILT_PRODUCTS_DIR)/UsageScraper.app/UsageScraper";
			};
			name = Debug;
		};
		C49063D71FD5504800E472CD /* Release */ = {
			isa = XCBuildConfiguration;
			baseConfigurationReference = 5F85E7A0AD386D171C373FCB /* Pods-UsageScraperTests.release.xcconfig */;
			buildSettings = {
				ALWAYS_EMBED_SWIFT_STANDARD_LIBRARIES = "$(inherited)";
				BUNDLE_LOADER = "$(TEST_HOST)";
				CODE_SIGN_STYLE = Automatic;
				DEVELOPMENT_TEAM = QW66QRQ745;
				INFOPLIST_FILE = UsageScraperTests/Info.plist;
				LD_RUNPATH_SEARCH_PATHS = "$(inherited) @executable_path/Frameworks @loader_path/Frameworks";
				PRODUCT_BUNDLE_IDENTIFIER = net.sprintcode.UsageScraperTests;
				PRODUCT_NAME = "$(TARGET_NAME)";
				SWIFT_VERSION = 4.0;
				TARGETED_DEVICE_FAMILY = "1,2";
				TEST_HOST = "$(BUILT_PRODUCTS_DIR)/UsageScraper.app/UsageScraper";
			};
			name = Release;
		};
		C49063D91FD5504800E472CD /* Debug */ = {
			isa = XCBuildConfiguration;
			baseConfigurationReference = 1DE097AD5443B4B27344675C /* Pods-UsageScraperUITests.debug.xcconfig */;
			buildSettings = {
				ALWAYS_EMBED_SWIFT_STANDARD_LIBRARIES = "$(inherited)";
				CODE_SIGN_STYLE = Automatic;
				DEVELOPMENT_TEAM = QW66QRQ745;
				INFOPLIST_FILE = UsageScraperUITests/Info.plist;
				LD_RUNPATH_SEARCH_PATHS = "$(inherited) @executable_path/Frameworks @loader_path/Frameworks";
				PRODUCT_BUNDLE_IDENTIFIER = net.sprintcode.UsageScraperUITests;
				PRODUCT_NAME = "$(TARGET_NAME)";
				SWIFT_VERSION = 4.0;
				TARGETED_DEVICE_FAMILY = "1,2";
				TEST_TARGET_NAME = UsageScraper;
			};
			name = Debug;
		};
		C49063DA1FD5504800E472CD /* Release */ = {
			isa = XCBuildConfiguration;
			baseConfigurationReference = E949AA056169F1D58A752EE3 /* Pods-UsageScraperUITests.release.xcconfig */;
			buildSettings = {
				ALWAYS_EMBED_SWIFT_STANDARD_LIBRARIES = "$(inherited)";
				CODE_SIGN_STYLE = Automatic;
				DEVELOPMENT_TEAM = QW66QRQ745;
				INFOPLIST_FILE = UsageScraperUITests/Info.plist;
				LD_RUNPATH_SEARCH_PATHS = "$(inherited) @executable_path/Frameworks @loader_path/Frameworks";
				PRODUCT_BUNDLE_IDENTIFIER = net.sprintcode.UsageScraperUITests;
				PRODUCT_NAME = "$(TARGET_NAME)";
				SWIFT_VERSION = 4.0;
				TARGETED_DEVICE_FAMILY = "1,2";
				TEST_TARGET_NAME = UsageScraper;
			};
			name = Release;
		};
/* End XCBuildConfiguration section */

/* Begin XCConfigurationList section */
		C48716121FD6976D00280217 /* Build configuration list for PBXNativeTarget "SmartMobil Data" */ = {
			isa = XCConfigurationList;
			buildConfigurations = (
				C48716131FD6976D00280217 /* Debug */,
				C48716141FD6976D00280217 /* Release */,
			);
			defaultConfigurationIsVisible = 0;
			defaultConfigurationName = Release;
		};
		C490637B1FD5504800E472CD /* Build configuration list for PBXProject "UsageScraper" */ = {
			isa = XCConfigurationList;
			buildConfigurations = (
				C49063C81FD5504800E472CD /* Debug */,
				C49063C91FD5504800E472CD /* Release */,
			);
			defaultConfigurationIsVisible = 0;
			defaultConfigurationName = Release;
		};
		C49063D21FD5504800E472CD /* Build configuration list for PBXNativeTarget "UsageScraper" */ = {
			isa = XCConfigurationList;
			buildConfigurations = (
				C49063D31FD5504800E472CD /* Debug */,
				C49063D41FD5504800E472CD /* Release */,
			);
			defaultConfigurationIsVisible = 0;
			defaultConfigurationName = Release;
		};
		C49063D51FD5504800E472CD /* Build configuration list for PBXNativeTarget "UsageScraperTests" */ = {
			isa = XCConfigurationList;
			buildConfigurations = (
				C49063D61FD5504800E472CD /* Debug */,
				C49063D71FD5504800E472CD /* Release */,
			);
			defaultConfigurationIsVisible = 0;
			defaultConfigurationName = Release;
		};
		C49063D81FD5504800E472CD /* Build configuration list for PBXNativeTarget "UsageScraperUITests" */ = {
			isa = XCConfigurationList;
			buildConfigurations = (
				C49063D91FD5504800E472CD /* Debug */,
				C49063DA1FD5504800E472CD /* Release */,
			);
			defaultConfigurationIsVisible = 0;
			defaultConfigurationName = Release;
		};
/* End XCConfigurationList section */
	};
	rootObject = C49063781FD5504800E472CD /* Project object */;
}
